{
  "version": 4,
  "terraform_version": "1.14.6",
  "serial": 6,
  "lineage": "00230d8c-53db-0670-d80c-e532268eef0d",
  "outputs": {},
  "resources": [
    {
      "mode": "managed",
      "type": "docker_image",
      "name": "cloudforge",
      "provider": "provider[\"registry.terraform.io/kreuzwerker/docker\"]",
      "instances": [
        {
          "schema_version": 0,
          "attributes": {
            "build": [],
            "force_remove": null,
            "id": "sha256:149ffefad5abf840bac5088c5fe6dfbc5a1993dd8cf86c31441271d904f8e56cajtasingh/cloudforge-app:latest",
            "image_id": "sha256:149ffefad5abf840bac5088c5fe6dfbc5a1993dd8cf86c31441271d904f8e56c",
            "keep_locally": null,
            "name": "ajtasingh/cloudforge-app:latest",
            "platform": null,
            "pull_triggers": null,
            "repo_digest": "ajtasingh/cloudforge-app@sha256:fec51469158cfa0c73758d312857ec1709c1004a9fe6c7fc71c01bfb56056c42",
            "timeouts": null,
            "triggers": null
          },
          "sensitive_attributes": [],
          "identity_schema_version": 0,
          "private": "eyJlMmJmYjczMC1lY2FhLTExZTYtOGY4OC0zNDM2M2JjN2M0YzAiOnsiY3JlYXRlIjoxMjAwMDAwMDAwMDAwLCJkZWxldGUiOjEyMDAwMDAwMDAwMDAsInVwZGF0ZSI6MTIwMDAwMDAwMDAwMH19"
        }
      ]
    }
  ],
  "check_results": null
}
